
Microsoft Visual Studio Solution File, Format Version 12.00
# Visual Studio Version 17
VisualStudioVersion = 17.2.32408.312
MinimumVisualStudioVersion = 10.0.40219.1
Project("{9A19103F-16F7-4668-BE54-9A1E7A4F7556}") = "Workflow", "src\Console\Workflow.csproj", "{7824D663-4B26-464C-97F7-998F1E6B59A6}"
EndProject
Project("{9A19103F-16F7-4668-BE54-9A1E7A4F7556}") = "Workflow-Commands", "src\Workflow.Commands\Workflow-Commands.csproj", "{9753075F-97B7-441D-8150-8F4BC35321D6}"
EndProject
Project("{D954291E-2A0B-460D-934E-DC6B0785DB48}") = "Workflow.Shared", "src\Workflow.Shared\Workflow.Shared.shproj", "{39549351-8B84-4860-A5B5-EF5515948ACA}"
EndProject
Project("{9A19103F-16F7-4668-BE54-9A1E7A4F7556}") = "_build", "build\_build.csproj", "{E5C27B76-C5D2-49BD-B404-475311D34143}"
EndProject
Project("{2150E333-8FDC-42A3-9474-1A3956D46DE8}") = "Solution Items", "Solution Items", "{328F171C-3AB9-4A3D-8045-22F5B392C117}"
	ProjectSection(SolutionItems) = preProject
		.github\workflows\bootstrap.ps1 = .github\workflows\bootstrap.ps1
		.github\workflows\codeql.yml = .github\workflows\codeql.yml
		commands.json = commands.json
		.github\workflows\main.yml = .github\workflows\main.yml
		test-ps.ps1 = test-ps.ps1
	EndProjectSection
EndProject
Global
	GlobalSection(SolutionConfigurationPlatforms) = preSolution
		Debug|Any CPU = Debug|Any CPU
		Release|Any CPU = Release|Any CPU
	EndGlobalSection
	GlobalSection(ProjectConfigurationPlatforms) = postSolution
		{7824D663-4B26-464C-97F7-998F1E6B59A6}.Debug|Any CPU.ActiveCfg = Debug|Any CPU
		{7824D663-4B26-464C-97F7-998F1E6B59A6}.Debug|Any CPU.Build.0 = Debug|Any CPU
		{7824D663-4B26-464C-97F7-998F1E6B59A6}.Release|Any CPU.ActiveCfg = Release|Any CPU
		{7824D663-4B26-464C-97F7-998F1E6B59A6}.Release|Any CPU.Build.0 = Release|Any CPU
		{9753075F-97B7-441D-8150-8F4BC35321D6}.Debug|Any CPU.ActiveCfg = Debug|Any CPU
		{9753075F-97B7-441D-8150-8F4BC35321D6}.Debug|Any CPU.Build.0 = Debug|Any CPU
		{9753075F-97B7-441D-8150-8F4BC35321D6}.Release|Any CPU.ActiveCfg = Release|Any CPU
		{9753075F-97B7-441D-8150-8F4BC35321D6}.Release|Any CPU.Build.0 = Release|Any CPU
		{E5C27B76-C5D2-49BD-B404-475311D34143}.Debug|Any CPU.ActiveCfg = Debug|Any CPU
		{E5C27B76-C5D2-49BD-B404-475311D34143}.Release|Any CPU.ActiveCfg = Release|Any CPU
	EndGlobalSection
	GlobalSection(SolutionProperties) = preSolution
		HideSolutionNode = FALSE
	EndGlobalSection
	GlobalSection(ExtensibilityGlobals) = postSolution
		SolutionGuid = {6EAFDF5B-9FBB-4907-A172-7ADBB2521598}
	EndGlobalSection
	GlobalSection(SharedMSBuildProjectFiles) = preSolution
		src\Workflow.Shared\Workflow.Shared.projitems*{39549351-8b84-4860-a5b5-ef5515948aca}*SharedItemsImports = 13
		src\Workflow.Shared\Workflow.Shared.projitems*{7824d663-4b26-464c-97f7-998f1e6b59a6}*SharedItemsImports = 5
		src\Workflow.Shared\Workflow.Shared.projitems*{9753075f-97b7-441d-8150-8f4bc35321d6}*SharedItemsImports = 5
	EndGlobalSection
EndGlobal
